github.com/allape/gomysqlaes v0.0.0-20241202054245-51a6dcfcbd79 h1:v/lcX4MWuhH0RnuTdhcbmjXvxBonGpTbUjsU1qj1tAA=
github.com/allape/gomysqlaes v0.0.0-20241202054245-51a6dcfcbd79/go.mod h1:+FFRMP5PEr5SyJOooNLfCjCiUycIWbKWG/m7RqQ2uFk=
github.com/allape/gosalty v0.0.0-20241204072201-5664235f50dc h1:OUjdqRxgSU7HKEFcKzp9MxQ7qKGQyfEgM9e4RBo25fc=
github.com/allape/gosalty v0.0.0-20241204072201-5664235f50dc/go.mod h1:fIWaPHKxURgID+zYI56AD6Sn/oJyMJBizkDhO3n4mRg=
